
Microsoft Visual Studio Solution File, Format Version 12.00
# Visual Studio Version 16
VisualStudioVersion = 16.0.31624.102
MinimumVisualStudioVersion = 10.0.40219.1
Project("{2150E333-8FDC-42A3-9474-1A3956D46DE8}") = "Common", "Common", "{3B9A8BA5-F35A-4FF9-84AC-4F546E63D0B1}"
EndProject
Project("{2150E333-8FDC-42A3-9474-1A3956D46DE8}") = "Services", "Services", "{9FF8B8EE-F252-4B14-8D9A-BE5099A36397}"
EndProject
Project("{2150E333-8FDC-42A3-9474-1A3956D46DE8}") = "UI", "UI", "{8661D899-F491-4732-9E5B-2D24F93E0622}"
EndProject
Project("{9A19103F-16F7-4668-BE54-9A1E7A4F7556}") = "WebStore.Domain", "Common\WebStore.Domain\WebStore.Domain.csproj", "{19754F1E-54F4-4B5E-9BC0-3C7A4797909C}"
EndProject
Project("{2150E333-8FDC-42A3-9474-1A3956D46DE8}") = "Data", "Data", "{6F1FC33E-8043-4DC7-BB69-62B2D8431BBF}"
EndProject
Project("{9A19103F-16F7-4668-BE54-9A1E7A4F7556}") = "WebStore.DAL", "Data\WebStore.DAL\WebStore.DAL.csproj", "{D9A0ADEB-00A7-469B-92CC-AC48FD63CF0A}"
EndProject
Project("{9A19103F-16F7-4668-BE54-9A1E7A4F7556}") = "WebStore.DAL.Sqlite", "Data\WebStore.DAL.SqlLite\WebStore.DAL.Sqlite.csproj", "{4B061E2C-574A-446C-8323-CEA00CA23E3C}"
EndProject
Project("{9A19103F-16F7-4668-BE54-9A1E7A4F7556}") = "WebStore", "UI\WebStore\WebStore.csproj", "{3517BFBF-8499-48A2-B15F-EAF7217ED56F}"
EndProject
Project("{9A19103F-16F7-4668-BE54-9A1E7A4F7556}") = "WebStore.Interfaces", "Services\WebStore.Interfaces\WebStore.Interfaces.csproj", "{3FE5C7E6-5EE1-4279-95DD-2AB26EAEA4F3}"
EndProject
Project("{9A19103F-16F7-4668-BE54-9A1E7A4F7556}") = "WebStore.Services", "Services\WebStore.Services\WebStore.Services.csproj", "{7234571A-8804-4330-9320-5AA0267809C5}"
EndProject
Project("{9A19103F-16F7-4668-BE54-9A1E7A4F7556}") = "WebStore.WebAPI", "Services\WebStore.WebAPI\WebStore.WebAPI.csproj", "{1CCE6558-2A06-4DB8-8444-7E02F568B95B}"
EndProject
Project("{9A19103F-16F7-4668-BE54-9A1E7A4F7556}") = "WebStore.WebAPI.Clients", "Services\WebStore.WebAPI.Clients\WebStore.WebAPI.Clients.csproj", "{4773386A-D4D4-4521-AE88-C5C3D9CB6955}"
EndProject
Project("{2150E333-8FDC-42A3-9474-1A3956D46DE8}") = "Tests", "Tests", "{FF0E9A0C-73D2-4111-9DB9-A22ED997678A}"
EndProject
Project("{9A19103F-16F7-4668-BE54-9A1E7A4F7556}") = "WebStore.TestConsole", "Tests\WebStore.TestConsole\WebStore.TestConsole.csproj", "{61445383-99D8-4877-AE7C-7BBD506DE825}"
EndProject
Project("{FAE04EC0-301F-11D3-BF4B-00C04F79EFBC}") = "WebStore.Logger", "Common\WebStore.Logger\WebStore.Logger.csproj", "{252F13CE-B8D6-461E-8D86-B80A7F05379A}"
EndProject
Global
	GlobalSection(SolutionConfigurationPlatforms) = preSolution
		Debug|Any CPU = Debug|Any CPU
		Release|Any CPU = Release|Any CPU
	EndGlobalSection
	GlobalSection(ProjectConfigurationPlatforms) = postSolution
		{19754F1E-54F4-4B5E-9BC0-3C7A4797909C}.Debug|Any CPU.ActiveCfg = Debug|Any CPU
		{19754F1E-54F4-4B5E-9BC0-3C7A4797909C}.Debug|Any CPU.Build.0 = Debug|Any CPU
		{19754F1E-54F4-4B5E-9BC0-3C7A4797909C}.Release|Any CPU.ActiveCfg = Release|Any CPU
		{19754F1E-54F4-4B5E-9BC0-3C7A4797909C}.Release|Any CPU.Build.0 = Release|Any CPU
		{D9A0ADEB-00A7-469B-92CC-AC48FD63CF0A}.Debug|Any CPU.ActiveCfg = Debug|Any CPU
		{D9A0ADEB-00A7-469B-92CC-AC48FD63CF0A}.Debug|Any CPU.Build.0 = Debug|Any CPU
		{D9A0ADEB-00A7-469B-92CC-AC48FD63CF0A}.Release|Any CPU.ActiveCfg = Release|Any CPU
		{D9A0ADEB-00A7-469B-92CC-AC48FD63CF0A}.Release|Any CPU.Build.0 = Release|Any CPU
		{4B061E2C-574A-446C-8323-CEA00CA23E3C}.Debug|Any CPU.ActiveCfg = Debug|Any CPU
		{4B061E2C-574A-446C-8323-CEA00CA23E3C}.Debug|Any CPU.Build.0 = Debug|Any CPU
		{4B061E2C-574A-446C-8323-CEA00CA23E3C}.Release|Any CPU.ActiveCfg = Release|Any CPU
		{4B061E2C-574A-446C-8323-CEA00CA23E3C}.Release|Any CPU.Build.0 = Release|Any CPU
		{3517BFBF-8499-48A2-B15F-EAF7217ED56F}.Debug|Any CPU.ActiveCfg = Debug|Any CPU
		{3517BFBF-8499-48A2-B15F-EAF7217ED56F}.Debug|Any CPU.Build.0 = Debug|Any CPU
		{3517BFBF-8499-48A2-B15F-EAF7217ED56F}.Release|Any CPU.ActiveCfg = Release|Any CPU
		{3517BFBF-8499-48A2-B15F-EAF7217ED56F}.Release|Any CPU.Build.0 = Release|Any CPU
		{3FE5C7E6-5EE1-4279-95DD-2AB26EAEA4F3}.Debug|Any CPU.ActiveCfg = Debug|Any CPU
		{3FE5C7E6-5EE1-4279-95DD-2AB26EAEA4F3}.Debug|Any CPU.Build.0 = Debug|Any CPU
		{3FE5C7E6-5EE1-4279-95DD-2AB26EAEA4F3}.Release|Any CPU.ActiveCfg = Release|Any CPU
		{3FE5C7E6-5EE1-4279-95DD-2AB26EAEA4F3}.Release|Any CPU.Build.0 = Release|Any CPU
		{7234571A-8804-4330-9320-5AA0267809C5}.Debug|Any CPU.ActiveCfg = Debug|Any CPU
		{7234571A-8804-4330-9320-5AA0267809C5}.Debug|Any CPU.Build.0 = Debug|Any CPU
		{7234571A-8804-4330-9320-5AA0267809C5}.Release|Any CPU.ActiveCfg = Release|Any CPU
		{7234571A-8804-4330-9320-5AA0267809C5}.Release|Any CPU.Build.0 = Release|Any CPU
		{1CCE6558-2A06-4DB8-8444-7E02F568B95B}.Debug|Any CPU.ActiveCfg = Debug|Any CPU
		{1CCE6558-2A06-4DB8-8444-7E02F568B95B}.Debug|Any CPU.Build.0 = Debug|Any CPU
		{1CCE6558-2A06-4DB8-8444-7E02F568B95B}.Release|Any CPU.ActiveCfg = Release|Any CPU
		{1CCE6558-2A06-4DB8-8444-7E02F568B95B}.Release|Any CPU.Build.0 = Release|Any CPU
		{4773386A-D4D4-4521-AE88-C5C3D9CB6955}.Debug|Any CPU.ActiveCfg = Debug|Any CPU
		{4773386A-D4D4-4521-AE88-C5C3D9CB6955}.Debug|Any CPU.Build.0 = Debug|Any CPU
		{4773386A-D4D4-4521-AE88-C5C3D9CB6955}.Release|Any CPU.ActiveCfg = Release|Any CPU
		{4773386A-D4D4-4521-AE88-C5C3D9CB6955}.Release|Any CPU.Build.0 = Release|Any CPU
		{61445383-99D8-4877-AE7C-7BBD506DE825}.Debug|Any CPU.ActiveCfg = Debug|Any CPU
		{61445383-99D8-4877-AE7C-7BBD506DE825}.Debug|Any CPU.Build.0 = Debug|Any CPU
		{61445383-99D8-4877-AE7C-7BBD506DE825}.Release|Any CPU.ActiveCfg = Release|Any CPU
		{61445383-99D8-4877-AE7C-7BBD506DE825}.Release|Any CPU.Build.0 = Release|Any CPU
		{252F13CE-B8D6-461E-8D86-B80A7F05379A}.Debug|Any CPU.ActiveCfg = Debug|Any CPU
		{252F13CE-B8D6-461E-8D86-B80A7F05379A}.Debug|Any CPU.Build.0 = Debug|Any CPU
		{252F13CE-B8D6-461E-8D86-B80A7F05379A}.Release|Any CPU.ActiveCfg = Release|Any CPU
		{252F13CE-B8D6-461E-8D86-B80A7F05379A}.Release|Any CPU.Build.0 = Release|Any CPU
	EndGlobalSection
	GlobalSection(SolutionProperties) = preSolution
		HideSolutionNode = FALSE
	EndGlobalSection
	GlobalSection(NestedProjects) = preSolution
		{19754F1E-54F4-4B5E-9BC0-3C7A4797909C} = {3B9A8BA5-F35A-4FF9-84AC-4F546E63D0B1}
		{D9A0ADEB-00A7-469B-92CC-AC48FD63CF0A} = {6F1FC33E-8043-4DC7-BB69-62B2D8431BBF}
		{4B061E2C-574A-446C-8323-CEA00CA23E3C} = {6F1FC33E-8043-4DC7-BB69-62B2D8431BBF}
		{3517BFBF-8499-48A2-B15F-EAF7217ED56F} = {8661D899-F491-4732-9E5B-2D24F93E0622}
		{3FE5C7E6-5EE1-4279-95DD-2AB26EAEA4F3} = {9FF8B8EE-F252-4B14-8D9A-BE5099A36397}
		{7234571A-8804-4330-9320-5AA0267809C5} = {9FF8B8EE-F252-4B14-8D9A-BE5099A36397}
		{1CCE6558-2A06-4DB8-8444-7E02F568B95B} = {9FF8B8EE-F252-4B14-8D9A-BE5099A36397}
		{4773386A-D4D4-4521-AE88-C5C3D9CB6955} = {9FF8B8EE-F252-4B14-8D9A-BE5099A36397}
		{61445383-99D8-4877-AE7C-7BBD506DE825} = {FF0E9A0C-73D2-4111-9DB9-A22ED997678A}
		{252F13CE-B8D6-461E-8D86-B80A7F05379A} = {3B9A8BA5-F35A-4FF9-84AC-4F546E63D0B1}
	EndGlobalSection
	GlobalSection(ExtensibilityGlobals) = postSolution
		SolutionGuid = {DD9D45F6-E70F-442B-9F80-B5192E8AD662}
	EndGlobalSection
EndGlobal
